{
  "name": "narrow-book",
  "version": "0.2.0",
  "lockfileVersion": 2,
  "requires": true,
  "packages": {
    "": {
      "name": "narrow-book",
      "version": "0.2.0",
      "license": "MIT",
      "dependencies": {
        "jsmigemo": "^0.4.3"
      },
      "engines": {
        "inkdrop": "^6.x"
      }
    },
    "node_modules/jsmigemo": {
      "version": "0.4.8",
      "resolved": "https://registry.npmjs.org/jsmigemo/-/jsmigemo-0.4.8.tgz",
      "integrity": "sha512-t9XdYQ9hZgFqChzp17XQHk0u1Vry5g7JFh3pTeG/8BmZG9tQ8SdwxOu/W6w5z9qqwBztbGsH903QbiJ/gRSWlQ==",
      "bin": {
        "jsmigemo": "bin/jsmigemo-cli.mjs"
      }
    }
  },
  "dependencies": {
    "jsmigemo": {
      "version": "0.4.8",
      "resolved": "https://registry.npmjs.org/jsmigemo/-/jsmigemo-0.4.8.tgz",
      "integrity": "sha512-t9XdYQ9hZgFqChzp17XQHk0u1Vry5g7JFh3pTeG/8BmZG9tQ8SdwxOu/W6w5z9qqwBztbGsH903QbiJ/gRSWlQ=="
    }
  }
}
